{
  "name": "dps-test",
  "version": "1.0.0",
  "lockfileVersion": 3,
  "requires": true,
  "packages": {
    "": {
      "name": "dps-test",
      "version": "1.0.0",
      "license": "ISC",
      "dependencies": {
        "@provablehq/sdk": "^0.10.2",
        "dotenv": "^17.4.2"
      }
    },
    "node_modules/@provablehq/sdk": {
      "version": "0.10.2",
      "resolved": "https://registry.npmjs.org/@provablehq/sdk/-/sdk-0.10.2.tgz",
      "integrity": "sha512-ZDJsWPSZOZKNRyKGsHMyX0Zxr2RJYwidCwCgIZrvyvk/AewCKv1pOU6ARCM4Hx3eaQVfzEo2h/IJQxWzltubuQ==",
      "license": "GPL-3.0",
      "dependencies": {
        "@provablehq/wasm": "^0.10.2",
        "@scure/base": "^2.0.0",
        "comlink": "^4.4.2",
        "core-js": "^3.40.0",
        "libsodium-wrappers": "^0.8.2",
        "mime": "^4.0.6",
        "xmlhttprequest-ssl": "^4.0.0"
      }
    },
    "node_modules/@provablehq/wasm": {
      "version": "0.10.2",
      "resolved": "https://registry.npmjs.org/@provablehq/wasm/-/wasm-0.10.2.tgz",
      "integrity": "sha512-/SdilgSWmUshels/DmqmzM1KwCFcQXUSI++SdrL029m6qvgU/kX22J0SqmZ46z/NhDp6ZJRDNNEd0A+tzPTSIA==",
      "license": "GPL-3.0"
    },
    "node_modules/@scure/base": {
      "version": "2.0.0",
      "resolved": "https://registry.npmjs.org/@scure/base/-/base-2.0.0.tgz",
      "integrity": "sha512-3E1kpuZginKkek01ovG8krQ0Z44E3DHPjc5S2rjJw9lZn3KSQOs8S7wqikF/AH7iRanHypj85uGyxk0XAyC37w==",
      "license": "MIT",
      "funding": {
        "url": "https://paulmillr.com/funding/"
      }
    },
    "node_modules/comlink": {
      "version": "4.4.2",
      "resolved": "https://registry.npmjs.org/comlink/-/comlink-4.4.2.tgz",
      "integrity": "sha512-OxGdvBmJuNKSCMO4NTl1L47VRp6xn2wG4F/2hYzB6tiCb709otOxtEYCSvK80PtjODfXXZu8ds+Nw5kVCjqd2g==",
      "license": "Apache-2.0"
    },
    "node_modules/core-js": {
      "version": "3.49.0",
      "resolved": "https://registry.npmjs.org/core-js/-/core-js-3.49.0.tgz",
      "integrity": "sha512-es1U2+YTtzpwkxVLwAFdSpaIMyQaq0PBgm3YD1W3Qpsn1NAmO3KSgZfu+oGSWVu6NvLHoHCV/aYcsE5wiB7ALg==",
      "hasInstallScript": true,
      "license": "MIT",
      "funding": {
        "type": "opencollective",
        "url": "https://opencollective.com/core-js"
      }
    },
    "node_modules/dotenv": {
      "version": "17.4.2",
      "resolved": "https://registry.npmjs.org/dotenv/-/dotenv-17.4.2.tgz",
      "integrity": "sha512-nI4U3TottKAcAD9LLud4Cb7b2QztQMUEfHbvhTH09bqXTxnSie8WnjPALV/WMCrJZ6UV/qHJ6L03OqO3LcdYZw==",
      "license": "BSD-2-Clause",
      "engines": {
        "node": ">=12"
      },
      "funding": {
        "url": "https://dotenvx.com"
      }
    },
    "node_modules/libsodium": {
      "version": "0.8.4",
      "resolved": "https://registry.npmjs.org/libsodium/-/libsodium-0.8.4.tgz",
      "integrity": "sha512-lMcYaRi0zcs7tarATsQUYC7rstliIXZuoq0c6zXSgNtSNtdvBgkSegjWhpMJAXzKX3SUSwIp7+zEsob+j3LuRw==",
      "license": "ISC"
    },
    "node_modules/libsodium-wrappers": {
      "version": "0.8.4",
      "resolved": "https://registry.npmjs.org/libsodium-wrappers/-/libsodium-wrappers-0.8.4.tgz",
      "integrity": "sha512-mu8aAWucZjTB5O/BtGXtW4e1agy7uHxNYG7zPthmmD1jU43LCDmSWZLN4JhflbdPXj3yDO4lxM1O9hLDgIOXDw==",
      "license": "ISC",
      "dependencies": {
        "libsodium": "^0.8.0"
      }
    },
    "node_modules/mime": {
      "version": "4.1.0",
      "resolved": "https://registry.npmjs.org/mime/-/mime-4.1.0.tgz",
      "integrity": "sha512-X5ju04+cAzsojXKes0B/S4tcYtFAJ6tTMuSPBEn9CPGlrWr8Fiw7qYeLT0XyH80HSoAoqWCaz+MWKh22P7G1cw==",
      "funding": [
        "https://github.com/sponsors/broofa"
      ],
      "license": "MIT",
      "bin": {
        "mime": "bin/cli.js"
      },
      "engines": {
        "node": ">=16"
      }
    },
    "node_modules/xmlhttprequest-ssl": {
      "version": "4.0.0",
      "resolved": "https://registry.npmjs.org/xmlhttprequest-ssl/-/xmlhttprequest-ssl-4.0.0.tgz",
      "integrity": "sha512-b7DXzbCm8VWmII2mQiQHy5VG1L6YBUnNxuCooldWpMUXTwa08uXEz1q5Nv6wlULnSI5GiHuwBIq6pNJrqRh/8Q==",
      "engines": {
        "node": ">=13.0.0"
      }
    }
  }
}
